
Microsoft Visual Studio Solution File, Format Version 12.00
# Visual Studio Version 16
VisualStudioVersion = 16.0.32602.291
MinimumVisualStudioVersion = 10.0.40219.1
Project("{FAE04EC0-301F-11D3-BF4B-00C04F79EFBC}") = "ConnectiontoDatabase", "ConnectiontoDatabase\ConnectiontoDatabase.csproj", "{36CB0801-E690-49BE-9D1B-B1FA8DAEF4B4}"
EndProject
Global
	GlobalSection(SolutionConfigurationPlatforms) = preSolution
		Debug|Any CPU = Debug|Any CPU
		Release|Any CPU = Release|Any CPU
	EndGlobalSection
	GlobalSection(ProjectConfigurationPlatforms) = postSolution
		{36CB0801-E690-49BE-9D1B-B1FA8DAEF4B4}.Debug|Any CPU.ActiveCfg = Debug|Any CPU
		{36CB0801-E690-49BE-9D1B-B1FA8DAEF4B4}.Debug|Any CPU.Build.0 = Debug|Any CPU
		{36CB0801-E690-49BE-9D1B-B1FA8DAEF4B4}.Release|Any CPU.ActiveCfg = Release|Any CPU
		{36CB0801-E690-49BE-9D1B-B1FA8DAEF4B4}.Release|Any CPU.Build.0 = Release|Any CPU
	EndGlobalSection
	GlobalSection(SolutionProperties) = preSolution
		HideSolutionNode = FALSE
	EndGlobalSection
	GlobalSection(ExtensibilityGlobals) = postSolution
		SolutionGuid = {EB3CAB19-B2A1-418A-9135-9893412DBA78}
	EndGlobalSection
EndGlobal
