
Microsoft Visual Studio Solution File, Format Version 12.00
# Visual Studio Version 16
VisualStudioVersion = 16.0.32602.291
MinimumVisualStudioVersion = 10.0.40219.1
Project("{FAE04EC0-301F-11D3-BF4B-00C04F79EFBC}") = "SimpleCSharpConsoleApp", "SimpleCSharpConsoleApp\SimpleCSharpConsoleApp.csproj", "{B6928362-CB6D-4387-920C-9617B7B4BB31}"
EndProject
Global
	GlobalSection(SolutionConfigurationPlatforms) = preSolution
		Debug|Any CPU = Debug|Any CPU
		Release|Any CPU = Release|Any CPU
	EndGlobalSection
	GlobalSection(ProjectConfigurationPlatforms) = postSolution
		{B6928362-CB6D-4387-920C-9617B7B4BB31}.Debug|Any CPU.ActiveCfg = Debug|Any CPU
		{B6928362-CB6D-4387-920C-9617B7B4BB31}.Debug|Any CPU.Build.0 = Debug|Any CPU
		{B6928362-CB6D-4387-920C-9617B7B4BB31}.Release|Any CPU.ActiveCfg = Release|Any CPU
		{B6928362-CB6D-4387-920C-9617B7B4BB31}.Release|Any CPU.Build.0 = Release|Any CPU
	EndGlobalSection
	GlobalSection(SolutionProperties) = preSolution
		HideSolutionNode = FALSE
	EndGlobalSection
	GlobalSection(ExtensibilityGlobals) = postSolution
		SolutionGuid = {8901379D-0D14-490C-BAFC-9006910E2C54}
	EndGlobalSection
EndGlobal
